<?xml version="1.0" encoding="utf-8"?>
<Project ToolsVersion="4.0" xmlns="http://schemas.microsoft.com/developer/msbuild/2003">
  <ItemGroup>
    <Filter Include="external">
      <UniqueIdentifier>{2839F3DC-1406-4EE8-3D1F-3C90294B8376}</UniqueIdentifier>
    </Filter>
    <Filter Include="external\GLAD">
      <UniqueIdentifier>{AFECA743-1BAD-237A-E4E7-6CF750676856}</UniqueIdentifier>
    </Filter>
    <Filter Include="external\GLAD\src">
      <UniqueIdentifier>{466A387A-B280-3610-FBF7-C131674D0798}</UniqueIdentifier>
    </Filter>
    <Filter Include="src">
      <UniqueIdentifier>{2DAB880B-99B4-887C-2230-9F7C8E38947C}</UniqueIdentifier>
    </Filter>
    <Filter Include="src\RLE">
      <UniqueIdentifier>{5FA62FA9-CB85-AE44-D49D-391B40FC14A6}</UniqueIdentifier>
    </Filter>
    <Filter Include="src\RLE\Core">
      <UniqueIdentifier>{179EFAD7-0301-8A7C-AC86-C23298C855FF}</UniqueIdentifier>
    </Filter>
    <Filter Include="src\RLE\Debug">
      <UniqueIdentifier>{15BC5AD7-817C-D60D-4AB7-1F8BB6361BEA}</UniqueIdentifier>
    </Filter>
    <Filter Include="src\RLE\Events">
      <UniqueIdentifier>{63913CC6-4F5F-30CC-38F3-A0F224600C31}</UniqueIdentifier>
    </Filter>
    <Filter Include="src\RLE\Platform">
      <UniqueIdentifier>{937DC463-7F76-E3B5-A8A8-C83A9400C3C1}</UniqueIdentifier>
    </Filter>
    <Filter Include="src\RLE\Platform\Windows">
      <UniqueIdentifier>{CD0A7414-B92F-C394-E27A-A824CEFEC1B2}</UniqueIdentifier>
    </Filter>
    <Filter Include="src\RLE\UI">
      <UniqueIdentifier>{2CD10A2A-1889-4C77-8190-25D36D67E767}</UniqueIdentifier>
    </Filter>
  </ItemGroup>
  <ItemGroup>
    <ClInclude Include="src\RLE.h">
      <Filter>src</Filter>
    </ClInclude>
    <ClInclude Include="src\RLE\Core\Core.h">
      <Filter>src\RLE\Core</Filter>
    </ClInclude>
    <ClInclude Include="src\RLE\Core\Engine.h">
      <Filter>src\RLE\Core</Filter>
    </ClInclude>
    <ClInclude Include="src\RLE\Core\EntryPoint.h">
      <Filter>src\RLE\Core</Filter>
    </ClInclude>
    <ClInclude Include="src\RLE\Core\Window.h">
      <Filter>src\RLE\Core</Filter>
    </ClInclude>
    <ClInclude Include="src\RLE\Debug\Log.h">
      <Filter>src\RLE\Debug</Filter>
    </ClInclude>
    <ClInclude Include="src\RLE\Events\Event.h">
      <Filter>src\RLE\Events</Filter>
    </ClInclude>
    <ClInclude Include="src\RLE\Events\EventDispatcher.h">
      <Filter>src\RLE\Events</Filter>
    </ClInclude>
    <ClInclude Include="src\RLE\Events\Eventable.h">
      <Filter>src\RLE\Events</Filter>
    </ClInclude>
    <ClInclude Include="src\RLE\Events\Events.h">
      <Filter>src\RLE\Events</Filter>
    </ClInclude>
    <ClInclude Include="src\RLE\Events\KeyPressEvent.h">
      <Filter>src\RLE\Events</Filter>
    </ClInclude>
    <ClInclude Include="src\RLE\Events\KeyReleaseEvent.h">
      <Filter>src\RLE\Events</Filter>
    </ClInclude>
    <ClInclude Include="src\RLE\Events\MouseMoveEvent.h">
      <Filter>src\RLE\Events</Filter>
    </ClInclude>
    <ClInclude Include="src\RLE\Events\MousePressEvent.h">
      <Filter>src\RLE\Events</Filter>
    </ClInclude>
    <ClInclude Include="src\RLE\Events\MouseReleaseEvent.h">
      <Filter>src\RLE\Events</Filter>
    </ClInclude>
    <ClInclude Include="src\RLE\Events\MouseScrollEvent.h">
      <Filter>src\RLE\Events</Filter>
    </ClInclude>
    <ClInclude Include="src\RLE\Events\TextInputEvent.h">
      <Filter>src\RLE\Events</Filter>
    </ClInclude>
    <ClInclude Include="src\RLE\Events\WindowCloseEvent.h">
      <Filter>src\RLE\Events</Filter>
    </ClInclude>
    <ClInclude Include="src\RLE\Events\WindowSizeEvent.h">
      <Filter>src\RLE\Events</Filter>
    </ClInclude>
    <ClInclude Include="src\RLE\Platform\Windows\Win64_Window.h">
      <Filter>src\RLE\Platform\Windows</Filter>
    </ClInclude>
    <ClInclude Include="src\RLE\UI\Layer.h">
      <Filter>src\RLE\UI</Filter>
    </ClInclude>
    <ClInclude Include="src\RLE\UI\LayerStack.h">
      <Filter>src\RLE\UI</Filter>
    </ClInclude>
    <ClInclude Include="src\RLEpch.h">
      <Filter>src</Filter>
    </ClInclude>
  </ItemGroup>
  <ItemGroup>
    <ClCompile Include="external\GLAD\src\glad.c">
      <Filter>external\GLAD\src</Filter>
    </ClCompile>
    <ClCompile Include="src\RLE\Core\Engine.cpp">
      <Filter>src\RLE\Core</Filter>
    </ClCompile>
    <ClCompile Include="src\RLE\Core\Window.cpp">
      <Filter>src\RLE\Core</Filter>
    </ClCompile>
    <ClCompile Include="src\RLE\Core\rle_main.cpp">
      <Filter>src\RLE\Core</Filter>
    </ClCompile>
    <ClCompile Include="src\RLE\Debug\Log.cpp">
      <Filter>src\RLE\Debug</Filter>
    </ClCompile>
    <ClCompile Include="src\RLE\Events\Eventable.cpp">
      <Filter>src\RLE\Events</Filter>
    </ClCompile>
    <ClCompile Include="src\RLE\Platform\Windows\Win64_Window.cpp">
      <Filter>src\RLE\Platform\Windows</Filter>
    </ClCompile>
    <ClCompile Include="src\RLE\UI\LayerStack.cpp">
      <Filter>src\RLE\UI</Filter>
    </ClCompile>
    <ClCompile Include="src\RLEpch.cpp">
      <Filter>src</Filter>
    </ClCompile>
  </ItemGroup>
</Project>